
Microsoft Visual Studio Solution File, Format Version 12.00
# Visual Studio 15
VisualStudioVersion = 15.0.28307.1000
MinimumVisualStudioVersion = 10.0.40219.1
Project("{FAE04EC0-301F-11D3-BF4B-00C04F79EFBC}") = "MVCNewWifi", "MVCNewWifi\MVCNewWifi.csproj", "{68102422-24A1-421E-A5C5-8E9DCFB940C3}"
EndProject
Global
	GlobalSection(SolutionConfigurationPlatforms) = preSolution
		Debug|Any CPU = Debug|Any CPU
		Release|Any CPU = Release|Any CPU
	EndGlobalSection
	GlobalSection(ProjectConfigurationPlatforms) = postSolution
		{68102422-24A1-421E-A5C5-8E9DCFB940C3}.Debug|Any CPU.ActiveCfg = Debug|Any CPU
		{68102422-24A1-421E-A5C5-8E9DCFB940C3}.Debug|Any CPU.Build.0 = Debug|Any CPU
		{68102422-24A1-421E-A5C5-8E9DCFB940C3}.Release|Any CPU.ActiveCfg = Release|Any CPU
		{68102422-24A1-421E-A5C5-8E9DCFB940C3}.Release|Any CPU.Build.0 = Release|Any CPU
	EndGlobalSection
	GlobalSection(SolutionProperties) = preSolution
		HideSolutionNode = FALSE
	EndGlobalSection
	GlobalSection(ExtensibilityGlobals) = postSolution
		SolutionGuid = {24B260FA-A5BF-4830-B179-25B9754646F5}
	EndGlobalSection
EndGlobal
